// !$*UTF8*$!
{
	archiveVersion = 1;
	classes = {
	};
	objectVersion = 56;
	objects = {

/* Begin PBXBuildFile section */
		155232D02A86C61B00801901 /* LandmarksApp.swift in Sources */ = {isa = PBXBuildFile; fileRef = 155232CF2A86C61B00801901 /* LandmarksApp.swift */; };
		155232D22A86C61B00801901 /* ContentView.swift in Sources */ = {isa = PBXBuildFile; fileRef = 155232D12A86C61B00801901 /* ContentView.swift */; };
		155232D42A86C61D00801901 /* Assets.xcassets in Resources */ = {isa = PBXBuildFile; fileRef = 155232D32A86C61D00801901 /* Assets.xcassets */; };
		155232D72A86C61D00801901 /* Preview Assets.xcassets in Resources */ = {isa = PBXBuildFile; fileRef = 155232D62A86C61D00801901 /* Preview Assets.xcassets */; };
		155232DE2A86CAC300801901 /* CircleImage.swift in Sources */ = {isa = PBXBuildFile; fileRef = 155232DD2A86CAC300801901 /* CircleImage.swift */; };
		155232E02A86CB6800801901 /* MapView.swift in Sources */ = {isa = PBXBuildFile; fileRef = 155232DF2A86CB6800801901 /* MapView.swift */; };
		155232E22A86E25500801901 /* landmarkData.json in Resources */ = {isa = PBXBuildFile; fileRef = 155232E12A86E25500801901 /* landmarkData.json */; };
		155232E82A86E2B200801901 /* Landmark.swift in Sources */ = {isa = PBXBuildFile; fileRef = 155232E72A86E2B200801901 /* Landmark.swift */; };
		155233002A86E4F900801901 /* ModelData.swift in Sources */ = {isa = PBXBuildFile; fileRef = 155232FF2A86E4F900801901 /* ModelData.swift */; };
		155233052A86E77F00801901 /* LandmarkRow.swift in Sources */ = {isa = PBXBuildFile; fileRef = 155233042A86E77F00801901 /* LandmarkRow.swift */; };
		155233072A86E96A00801901 /* LandmarkList.swift in Sources */ = {isa = PBXBuildFile; fileRef = 155233062A86E96A00801901 /* LandmarkList.swift */; };
		155233092A86EEDB00801901 /* LandmarkDetail.swift in Sources */ = {isa = PBXBuildFile; fileRef = 155233082A86EEDB00801901 /* LandmarkDetail.swift */; };
		1552330C2A8713F100801901 /* FavoriteButton.swift in Sources */ = {isa = PBXBuildFile; fileRef = 1552330B2A8713F100801901 /* FavoriteButton.swift */; };
		15DA56292A8750FC006F8F6C /* HexagonParameters.swift in Sources */ = {isa = PBXBuildFile; fileRef = 15DA56282A8750FC006F8F6C /* HexagonParameters.swift */; };
		15DA562B2A8752B0006F8F6C /* BadgeBackground.swift in Sources */ = {isa = PBXBuildFile; fileRef = 15DA562A2A8752B0006F8F6C /* BadgeBackground.swift */; };
		15F278472A8757AC00B59BF0 /* BadgeSymbol.swift in Sources */ = {isa = PBXBuildFile; fileRef = 15F278462A8757AC00B59BF0 /* BadgeSymbol.swift */; };
		15F278492A8757FE00B59BF0 /* RotatedBadgeSymbol.swift in Sources */ = {isa = PBXBuildFile; fileRef = 15F278482A8757FE00B59BF0 /* RotatedBadgeSymbol.swift */; };
		15F2784B2A87587000B59BF0 /* Badge.swift in Sources */ = {isa = PBXBuildFile; fileRef = 15F2784A2A87587000B59BF0 /* Badge.swift */; };
		15F2784E2A875B7300B59BF0 /* hikeData.json in Resources */ = {isa = PBXBuildFile; fileRef = 15F2784D2A875B7200B59BF0 /* hikeData.json */; };
		15F278502A875B8A00B59BF0 /* Hike.swift in Sources */ = {isa = PBXBuildFile; fileRef = 15F2784F2A875B8A00B59BF0 /* Hike.swift */; };
		15F278572A875BC500B59BF0 /* HikeView.swift in Sources */ = {isa = PBXBuildFile; fileRef = 15F278552A875BC500B59BF0 /* HikeView.swift */; };
		15F278582A875BC500B59BF0 /* GraphCapsule.swift in Sources */ = {isa = PBXBuildFile; fileRef = 15F278532A875BC500B59BF0 /* GraphCapsule.swift */; };
		15F278592A875BC500B59BF0 /* HikeDetail.swift in Sources */ = {isa = PBXBuildFile; fileRef = 15F278562A875BC500B59BF0 /* HikeDetail.swift */; };
		15F2785D2A875C5D00B59BF0 /* HikeGraph.swift in Sources */ = {isa = PBXBuildFile; fileRef = 15F2785C2A875C5D00B59BF0 /* HikeGraph.swift */; };
		15F2785F2A875D0300B59BF0 /* CategoryHome.swift in Sources */ = {isa = PBXBuildFile; fileRef = 15F2785E2A875D0300B59BF0 /* CategoryHome.swift */; };
		15F278612A875D9D00B59BF0 /* CategoryRow.swift in Sources */ = {isa = PBXBuildFile; fileRef = 15F278602A875D9D00B59BF0 /* CategoryRow.swift */; };
		15F278632A875DCA00B59BF0 /* CategoryItem.swift in Sources */ = {isa = PBXBuildFile; fileRef = 15F278622A875DCA00B59BF0 /* CategoryItem.swift */; };
		15F278682A891CBE00B59BF0 /* Profile.swift in Sources */ = {isa = PBXBuildFile; fileRef = 15F278672A891CBE00B59BF0 /* Profile.swift */; };
		15F2786B2A891CEC00B59BF0 /* ProfileHost.swift in Sources */ = {isa = PBXBuildFile; fileRef = 15F2786A2A891CEC00B59BF0 /* ProfileHost.swift */; };
		15F2786D2A891D7400B59BF0 /* ProfileSummary.swift in Sources */ = {isa = PBXBuildFile; fileRef = 15F2786C2A891D7400B59BF0 /* ProfileSummary.swift */; };
		15F2786F2A891DD200B59BF0 /* HikeBadge.swift in Sources */ = {isa = PBXBuildFile; fileRef = 15F2786E2A891DD200B59BF0 /* HikeBadge.swift */; };
		15F278712A892AA300B59BF0 /* ProfileEditor.swift in Sources */ = {isa = PBXBuildFile; fileRef = 15F278702A892AA300B59BF0 /* ProfileEditor.swift */; };
/* End PBXBuildFile section */

/* Begin PBXFileReference section */
		155232CC2A86C61B00801901 /* Landmarks.app */ = {isa = PBXFileReference; explicitFileType = wrapper.application; includeInIndex = 0; path = Landmarks.app; sourceTree = BUILT_PRODUCTS_DIR; };
		155232CF2A86C61B00801901 /* LandmarksApp.swift */ = {isa = PBXFileReference; lastKnownFileType = sourcecode.swift; path = LandmarksApp.swift; sourceTree = "<group>"; };
		155232D12A86C61B00801901 /* ContentView.swift */ = {isa = PBXFileReference; lastKnownFileType = sourcecode.swift; path = ContentView.swift; sourceTree = "<group>"; };
		155232D32A86C61D00801901 /* Assets.xcassets */ = {isa = PBXFileReference; lastKnownFileType = folder.assetcatalog; path = Assets.xcassets; sourceTree = "<group>"; };
		155232D62A86C61D00801901 /* Preview Assets.xcassets */ = {isa = PBXFileReference; lastKnownFileType = folder.assetcatalog; path = "Preview Assets.xcassets"; sourceTree = "<group>"; };
		155232DD2A86CAC300801901 /* CircleImage.swift */ = {isa = PBXFileReference; lastKnownFileType = sourcecode.swift; path = CircleImage.swift; sourceTree = "<group>"; };
		155232DF2A86CB6800801901 /* MapView.swift */ = {isa = PBXFileReference; lastKnownFileType = sourcecode.swift; path = MapView.swift; sourceTree = "<group>"; };
		155232E12A86E25500801901 /* landmarkData.json */ = {isa = PBXFileReference; fileEncoding = 4; lastKnownFileType = text.json; path = landmarkData.json; sourceTree = "<group>"; };
		155232E72A86E2B200801901 /* Landmark.swift */ = {isa = PBXFileReference; lastKnownFileType = sourcecode.swift; path = Landmark.swift; sourceTree = "<group>"; };
		155232FF2A86E4F900801901 /* ModelData.swift */ = {isa = PBXFileReference; lastKnownFileType = sourcecode.swift; path = ModelData.swift; sourceTree = "<group>"; };
		155233042A86E77F00801901 /* LandmarkRow.swift */ = {isa = PBXFileReference; lastKnownFileType = sourcecode.swift; path = LandmarkRow.swift; sourceTree = "<group>"; };
		155233062A86E96A00801901 /* LandmarkList.swift */ = {isa = PBXFileReference; lastKnownFileType = sourcecode.swift; path = LandmarkList.swift; sourceTree = "<group>"; };
		155233082A86EEDB00801901 /* LandmarkDetail.swift */ = {isa = PBXFileReference; lastKnownFileType = sourcecode.swift; path = LandmarkDetail.swift; sourceTree = "<group>"; };
		1552330B2A8713F100801901 /* FavoriteButton.swift */ = {isa = PBXFileReference; lastKnownFileType = sourcecode.swift; path = FavoriteButton.swift; sourceTree = "<group>"; };
		15DA56282A8750FC006F8F6C /* HexagonParameters.swift */ = {isa = PBXFileReference; lastKnownFileType = sourcecode.swift; path = HexagonParameters.swift; sourceTree = "<group>"; };
		15DA562A2A8752B0006F8F6C /* BadgeBackground.swift */ = {isa = PBXFileReference; lastKnownFileType = sourcecode.swift; path = BadgeBackground.swift; sourceTree = "<group>"; };
		15F278462A8757AC00B59BF0 /* BadgeSymbol.swift */ = {isa = PBXFileReference; lastKnownFileType = sourcecode.swift; path = BadgeSymbol.swift; sourceTree = "<group>"; };
		15F278482A8757FE00B59BF0 /* RotatedBadgeSymbol.swift */ = {isa = PBXFileReference; lastKnownFileType = sourcecode.swift; path = RotatedBadgeSymbol.swift; sourceTree = "<group>"; };
		15F2784A2A87587000B59BF0 /* Badge.swift */ = {isa = PBXFileReference; lastKnownFileType = sourcecode.swift; path = Badge.swift; sourceTree = "<group>"; };
		15F2784D2A875B7200B59BF0 /* hikeData.json */ = {isa = PBXFileReference; fileEncoding = 4; lastKnownFileType = text.json; path = hikeData.json; sourceTree = "<group>"; };
		15F2784F2A875B8A00B59BF0 /* Hike.swift */ = {isa = PBXFileReference; fileEncoding = 4; lastKnownFileType = sourcecode.swift; path = Hike.swift; sourceTree = "<group>"; };
		15F278532A875BC500B59BF0 /* GraphCapsule.swift */ = {isa = PBXFileReference; lastKnownFileType = sourcecode.swift; path = GraphCapsule.swift; sourceTree = "<group>"; };
		15F278552A875BC500B59BF0 /* HikeView.swift */ = {isa = PBXFileReference; lastKnownFileType = sourcecode.swift; path = HikeView.swift; sourceTree = "<group>"; };
		15F278562A875BC500B59BF0 /* HikeDetail.swift */ = {isa = PBXFileReference; lastKnownFileType = sourcecode.swift; path = HikeDetail.swift; sourceTree = "<group>"; };
		15F2785C2A875C5D00B59BF0 /* HikeGraph.swift */ = {isa = PBXFileReference; lastKnownFileType = sourcecode.swift; path = HikeGraph.swift; sourceTree = "<group>"; };
		15F2785E2A875D0300B59BF0 /* CategoryHome.swift */ = {isa = PBXFileReference; lastKnownFileType = sourcecode.swift; path = CategoryHome.swift; sourceTree = "<group>"; };
		15F278602A875D9D00B59BF0 /* CategoryRow.swift */ = {isa = PBXFileReference; lastKnownFileType = sourcecode.swift; path = CategoryRow.swift; sourceTree = "<group>"; };
		15F278622A875DCA00B59BF0 /* CategoryItem.swift */ = {isa = PBXFileReference; lastKnownFileType = sourcecode.swift; path = CategoryItem.swift; sourceTree = "<group>"; };
		15F278672A891CBE00B59BF0 /* Profile.swift */ = {isa = PBXFileReference; lastKnownFileType = sourcecode.swift; path = Profile.swift; sourceTree = "<group>"; };
		15F2786A2A891CEC00B59BF0 /* ProfileHost.swift */ = {isa = PBXFileReference; lastKnownFileType = sourcecode.swift; path = ProfileHost.swift; sourceTree = "<group>"; };
		15F2786C2A891D7400B59BF0 /* ProfileSummary.swift */ = {isa = PBXFileReference; lastKnownFileType = sourcecode.swift; path = ProfileSummary.swift; sourceTree = "<group>"; };
		15F2786E2A891DD200B59BF0 /* HikeBadge.swift */ = {isa = PBXFileReference; lastKnownFileType = sourcecode.swift; path = HikeBadge.swift; sourceTree = "<group>"; };
		15F278702A892AA300B59BF0 /* ProfileEditor.swift */ = {isa = PBXFileReference; lastKnownFileType = sourcecode.swift; path = ProfileEditor.swift; sourceTree = "<group>"; };
/* End PBXFileReference section */

/* Begin PBXFrameworksBuildPhase section */
		155232C92A86C61B00801901 /* Frameworks */ = {
			isa = PBXFrameworksBuildPhase;
			buildActionMask = 2147483647;
			files = (
			);
			runOnlyForDeploymentPostprocessing = 0;
		};
/* End PBXFrameworksBuildPhase section */

/* Begin PBXGroup section */
		155232C32A86C61B00801901 = {
			isa = PBXGroup;
			children = (
				155232CE2A86C61B00801901 /* Landmarks */,
				155232CD2A86C61B00801901 /* Products */,
			);
			sourceTree = "<group>";
		};
		155232CD2A86C61B00801901 /* Products */ = {
			isa = PBXGroup;
			children = (
				155232CC2A86C61B00801901 /* Landmarks.app */,
			);
			name = Products;
			sourceTree = "<group>";
		};
		155232CE2A86C61B00801901 /* Landmarks */ = {
			isa = PBXGroup;
			children = (
				155232CF2A86C61B00801901 /* LandmarksApp.swift */,
				155233032A86E73B00801901 /* Model */,
				155233012A86E63E00801901 /* Views */,
				155233022A86E65100801901 /* Resources */,
				155232D32A86C61D00801901 /* Assets.xcassets */,
				155232D52A86C61D00801901 /* Preview Content */,
			);
			path = Landmarks;
			sourceTree = "<group>";
		};
		155232D52A86C61D00801901 /* Preview Content */ = {
			isa = PBXGroup;
			children = (
				155232D62A86C61D00801901 /* Preview Assets.xcassets */,
			);
			path = "Preview Content";
			sourceTree = "<group>";
		};
		155233012A86E63E00801901 /* Views */ = {
			isa = PBXGroup;
			children = (
				15F278692A891CDE00B59BF0 /* Profiles  */,
				155232D12A86C61B00801901 /* ContentView.swift */,
				15F2785B2A875BCD00B59BF0 /* Hike */,
				1552330F2A87148400801901 /* Helpers */,
				1552330E2A87147600801901 /* Landmarks */,
				15F2784C2A8759E600B59BF0 /* Badges */,
				15F278642A875FA400B59BF0 /* Categories */,
			);
			path = Views;
			sourceTree = "<group>";
		};
		155233022A86E65100801901 /* Resources */ = {
			isa = PBXGroup;
			children = (
				15F2784D2A875B7200B59BF0 /* hikeData.json */,
				155232E12A86E25500801901 /* landmarkData.json */,
			);
			path = Resources;
			sourceTree = "<group>";
		};
		155233032A86E73B00801901 /* Model */ = {
			isa = PBXGroup;
			children = (
				15F2784F2A875B8A00B59BF0 /* Hike.swift */,
				155232E72A86E2B200801901 /* Landmark.swift */,
				155232FF2A86E4F900801901 /* ModelData.swift */,
				15F278672A891CBE00B59BF0 /* Profile.swift */,
			);
			path = Model;
			sourceTree = "<group>";
		};
		1552330E2A87147600801901 /* Landmarks */ = {
			isa = PBXGroup;
			children = (
				155233042A86E77F00801901 /* LandmarkRow.swift */,
				155233062A86E96A00801901 /* LandmarkList.swift */,
				155233082A86EEDB00801901 /* LandmarkDetail.swift */,
			);
			path = Landmarks;
			sourceTree = "<group>";
		};
		1552330F2A87148400801901 /* Helpers */ = {
			isa = PBXGroup;
			children = (
				155232DD2A86CAC300801901 /* CircleImage.swift */,
				155232DF2A86CB6800801901 /* MapView.swift */,
				1552330B2A8713F100801901 /* FavoriteButton.swift */,
			);
			path = Helpers;
			sourceTree = "<group>";
		};
		15F2784C2A8759E600B59BF0 /* Badges */ = {
			isa = PBXGroup;
			children = (
				15F2784A2A87587000B59BF0 /* Badge.swift */,
				15DA562A2A8752B0006F8F6C /* BadgeBackground.swift */,
				15F278462A8757AC00B59BF0 /* BadgeSymbol.swift */,
				15F278482A8757FE00B59BF0 /* RotatedBadgeSymbol.swift */,
				15DA56282A8750FC006F8F6C /* HexagonParameters.swift */,
			);
			path = Badges;
			sourceTree = "<group>";
		};
		15F2785B2A875BCD00B59BF0 /* Hike */ = {
			isa = PBXGroup;
			children = (
				15F278532A875BC500B59BF0 /* GraphCapsule.swift */,
				15F278562A875BC500B59BF0 /* HikeDetail.swift */,
				15F278552A875BC500B59BF0 /* HikeView.swift */,
				15F2785C2A875C5D00B59BF0 /* HikeGraph.swift */,
				15F2786E2A891DD200B59BF0 /* HikeBadge.swift */,
			);
			path = Hike;
			sourceTree = "<group>";
		};
		15F278642A875FA400B59BF0 /* Categories */ = {
			isa = PBXGroup;
			children = (
				15F2785E2A875D0300B59BF0 /* CategoryHome.swift */,
				15F278602A875D9D00B59BF0 /* CategoryRow.swift */,
				15F278622A875DCA00B59BF0 /* CategoryItem.swift */,
			);
			path = Categories;
			sourceTree = "<group>";
		};
		15F278692A891CDE00B59BF0 /* Profiles  */ = {
			isa = PBXGroup;
			children = (
				15F2786A2A891CEC00B59BF0 /* ProfileHost.swift */,
				15F2786C2A891D7400B59BF0 /* ProfileSummary.swift */,
				15F278702A892AA300B59BF0 /* ProfileEditor.swift */,
			);
			path = "Profiles ";
			sourceTree = "<group>";
		};
/* End PBXGroup section */

/* Begin PBXNativeTarget section */
		155232CB2A86C61B00801901 /* Landmarks */ = {
			isa = PBXNativeTarget;
			buildConfigurationList = 155232DA2A86C61D00801901 /* Build configuration list for PBXNativeTarget "Landmarks" */;
			buildPhases = (
				155232C82A86C61B00801901 /* Sources */,
				155232C92A86C61B00801901 /* Frameworks */,
				155232CA2A86C61B00801901 /* Resources */,
			);
			buildRules = (
			);
			dependencies = (
			);
			name = Landmarks;
			productName = Landmarks;
			productReference = 155232CC2A86C61B00801901 /* Landmarks.app */;
			productType = "com.apple.product-type.application";
		};
/* End PBXNativeTarget section */

/* Begin PBXProject section */
		155232C42A86C61B00801901 /* Project object */ = {
			isa = PBXProject;
			attributes = {
				BuildIndependentTargetsInParallel = 1;
				LastSwiftUpdateCheck = 1430;
				LastUpgradeCheck = 1430;
				TargetAttributes = {
					155232CB2A86C61B00801901 = {
						CreatedOnToolsVersion = 14.3.1;
					};
				};
			};
			buildConfigurationList = 155232C72A86C61B00801901 /* Build configuration list for PBXProject "Landmarks" */;
			compatibilityVersion = "Xcode 14.0";
			developmentRegion = en;
			hasScannedForEncodings = 0;
			knownRegions = (
				en,
				Base,
			);
			mainGroup = 155232C32A86C61B00801901;
			productRefGroup = 155232CD2A86C61B00801901 /* Products */;
			projectDirPath = "";
			projectRoot = "";
			targets = (
				155232CB2A86C61B00801901 /* Landmarks */,
			);
		};
/* End PBXProject section */

/* Begin PBXResourcesBuildPhase section */
		155232CA2A86C61B00801901 /* Resources */ = {
			isa = PBXResourcesBuildPhase;
			buildActionMask = 2147483647;
			files = (
				15F2784E2A875B7300B59BF0 /* hikeData.json in Resources */,
				155232D72A86C61D00801901 /* Preview Assets.xcassets in Resources */,
				155232D42A86C61D00801901 /* Assets.xcassets in Resources */,
				155232E22A86E25500801901 /* landmarkData.json in Resources */,
			);
			runOnlyForDeploymentPostprocessing = 0;
		};
/* End PBXResourcesBuildPhase section */

/* Begin PBXSourcesBuildPhase section */
		155232C82A86C61B00801901 /* Sources */ = {
			isa = PBXSourcesBuildPhase;
			buildActionMask = 2147483647;
			files = (
				15F278612A875D9D00B59BF0 /* CategoryRow.swift in Sources */,
				15F278682A891CBE00B59BF0 /* Profile.swift in Sources */,
				155232E82A86E2B200801901 /* Landmark.swift in Sources */,
				15F2785F2A875D0300B59BF0 /* CategoryHome.swift in Sources */,
				15F2784B2A87587000B59BF0 /* Badge.swift in Sources */,
				155233002A86E4F900801901 /* ModelData.swift in Sources */,
				155232D22A86C61B00801901 /* ContentView.swift in Sources */,
				1552330C2A8713F100801901 /* FavoriteButton.swift in Sources */,
				15F278572A875BC500B59BF0 /* HikeView.swift in Sources */,
				15DA56292A8750FC006F8F6C /* HexagonParameters.swift in Sources */,
				15F278632A875DCA00B59BF0 /* CategoryItem.swift in Sources */,
				15F278592A875BC500B59BF0 /* HikeDetail.swift in Sources */,
				15F2786D2A891D7400B59BF0 /* ProfileSummary.swift in Sources */,
				15F278502A875B8A00B59BF0 /* Hike.swift in Sources */,
				15F2786B2A891CEC00B59BF0 /* ProfileHost.swift in Sources */,
				15F278492A8757FE00B59BF0 /* RotatedBadgeSymbol.swift in Sources */,
				15F278472A8757AC00B59BF0 /* BadgeSymbol.swift in Sources */,
				155233072A86E96A00801901 /* LandmarkList.swift in Sources */,
				15F278712A892AA300B59BF0 /* ProfileEditor.swift in Sources */,
				155233092A86EEDB00801901 /* LandmarkDetail.swift in Sources */,
				15F2785D2A875C5D00B59BF0 /* HikeGraph.swift in Sources */,
				15DA562B2A8752B0006F8F6C /* BadgeBackground.swift in Sources */,
				155232E02A86CB6800801901 /* MapView.swift in Sources */,
				15F2786F2A891DD200B59BF0 /* HikeBadge.swift in Sources */,
				15F278582A875BC500B59BF0 /* GraphCapsule.swift in Sources */,
				155232D02A86C61B00801901 /* LandmarksApp.swift in Sources */,
				155233052A86E77F00801901 /* LandmarkRow.swift in Sources */,
				155232DE2A86CAC300801901 /* CircleImage.swift in Sources */,
			);
			runOnlyForDeploymentPostprocessing = 0;
		};
/* End PBXSourcesBuildPhase section */

/* Begin XCBuildConfiguration section */
		155232D82A86C61D00801901 /* Debug */ = {
			isa = XCBuildConfiguration;
			buildSettings = {
				ALWAYS_SEARCH_USER_PATHS = NO;
				CLANG_ANALYZER_NONNULL = YES;
				CLANG_ANALYZER_NUMBER_OBJECT_CONVERSION = YES_AGGRESSIVE;
				CLANG_CXX_LANGUAGE_STANDARD = "gnu++20";
				CLANG_ENABLE_MODULES = YES;
				CLANG_ENABLE_OBJC_ARC = YES;
				CLANG_ENABLE_OBJC_WEAK = YES;
				CLANG_WARN_BLOCK_CAPTURE_AUTORELEASING = YES;
				CLANG_WARN_BOOL_CONVERSION = YES;
				CLANG_WARN_COMMA = YES;
				CLANG_WARN_CONSTANT_CONVERSION = YES;
				CLANG_WARN_DEPRECATED_OBJC_IMPLEMENTATIONS = YES;
				CLANG_WARN_DIRECT_OBJC_ISA_USAGE = YES_ERROR;
				CLANG_WARN_DOCUMENTATION_COMMENTS = YES;
				CLANG_WARN_EMPTY_BODY = YES;
				CLANG_WARN_ENUM_CONVERSION = YES;
				CLANG_WARN_INFINITE_RECURSION = YES;
				CLANG_WARN_INT_CONVERSION = YES;
				CLANG_WARN_NON_LITERAL_NULL_CONVERSION = YES;
				CLANG_WARN_OBJC_IMPLICIT_RETAIN_SELF = YES;
				CLANG_WARN_OBJC_LITERAL_CONVERSION = YES;
				CLANG_WARN_OBJC_ROOT_CLASS = YES_ERROR;
				CLANG_WARN_QUOTED_INCLUDE_IN_FRAMEWORK_HEADER = YES;
				CLANG_WARN_RANGE_LOOP_ANALYSIS = YES;
				CLANG_WARN_STRICT_PROTOTYPES = YES;
				CLANG_WARN_SUSPICIOUS_MOVE = YES;
				CLANG_WARN_UNGUARDED_AVAILABILITY = YES_AGGRESSIVE;
				CLANG_WARN_UNREACHABLE_CODE = YES;
				CLANG_WARN__DUPLICATE_METHOD_MATCH = YES;
				COPY_PHASE_STRIP = NO;
				DEBUG_INFORMATION_FORMAT = dwarf;
				ENABLE_STRICT_OBJC_MSGSEND = YES;
				ENABLE_TESTABILITY = YES;
				GCC_C_LANGUAGE_STANDARD = gnu11;
				GCC_DYNAMIC_NO_PIC = NO;
				GCC_NO_COMMON_BLOCKS = YES;
				GCC_OPTIMIZATION_LEVEL = 0;
				GCC_PREPROCESSOR_DEFINITIONS = (
					"DEBUG=1",
					"$(inherited)",
				);
				GCC_WARN_64_TO_32_BIT_CONVERSION = YES;
				GCC_WARN_ABOUT_RETURN_TYPE = YES_ERROR;
				GCC_WARN_UNDECLARED_SELECTOR = YES;
				GCC_WARN_UNINITIALIZED_AUTOS = YES_AGGRESSIVE;
				GCC_WARN_UNUSED_FUNCTION = YES;
				GCC_WARN_UNUSED_VARIABLE = YES;
				IPHONEOS_DEPLOYMENT_TARGET = 16.4;
				MTL_ENABLE_DEBUG_INFO = INCLUDE_SOURCE;
				MTL_FAST_MATH = YES;
				ONLY_ACTIVE_ARCH = YES;
				SDKROOT = iphoneos;
				SWIFT_ACTIVE_COMPILATION_CONDITIONS = DEBUG;
				SWIFT_OPTIMIZATION_LEVEL = "-Onone";
			};
			name = Debug;
		};
		155232D92A86C61D00801901 /* Release */ = {
			isa = XCBuildConfiguration;
			buildSettings = {
				ALWAYS_SEARCH_USER_PATHS = NO;
				CLANG_ANALYZER_NONNULL = YES;
				CLANG_ANALYZER_NUMBER_OBJECT_CONVERSION = YES_AGGRESSIVE;
				CLANG_CXX_LANGUAGE_STANDARD = "gnu++20";
				CLANG_ENABLE_MODULES = YES;
				CLANG_ENABLE_OBJC_ARC = YES;
				CLANG_ENABLE_OBJC_WEAK = YES;
				CLANG_WARN_BLOCK_CAPTURE_AUTORELEASING = YES;
				CLANG_WARN_BOOL_CONVERSION = YES;
				CLANG_WARN_COMMA = YES;
				CLANG_WARN_CONSTANT_CONVERSION = YES;
				CLANG_WARN_DEPRECATED_OBJC_IMPLEMENTATIONS = YES;
				CLANG_WARN_DIRECT_OBJC_ISA_USAGE = YES_ERROR;
				CLANG_WARN_DOCUMENTATION_COMMENTS = YES;
				CLANG_WARN_EMPTY_BODY = YES;
				CLANG_WARN_ENUM_CONVERSION = YES;
				CLANG_WARN_INFINITE_RECURSION = YES;
				CLANG_WARN_INT_CONVERSION = YES;
				CLANG_WARN_NON_LITERAL_NULL_CONVERSION = YES;
				CLANG_WARN_OBJC_IMPLICIT_RETAIN_SELF = YES;
				CLANG_WARN_OBJC_LITERAL_CONVERSION = YES;
				CLANG_WARN_OBJC_ROOT_CLASS = YES_ERROR;
				CLANG_WARN_QUOTED_INCLUDE_IN_FRAMEWORK_HEADER = YES;
				CLANG_WARN_RANGE_LOOP_ANALYSIS = YES;
				CLANG_WARN_STRICT_PROTOTYPES = YES;
				CLANG_WARN_SUSPICIOUS_MOVE = YES;
				CLANG_WARN_UNGUARDED_AVAILABILITY = YES_AGGRESSIVE;
				CLANG_WARN_UNREACHABLE_CODE = YES;
				CLANG_WARN__DUPLICATE_METHOD_MATCH = YES;
				COPY_PHASE_STRIP = NO;
				DEBUG_INFORMATION_FORMAT = "dwarf-with-dsym";
				ENABLE_NS_ASSERTIONS = NO;
				ENABLE_STRICT_OBJC_MSGSEND = YES;
				GCC_C_LANGUAGE_STANDARD = gnu11;
				GCC_NO_COMMON_BLOCKS = YES;
				GCC_WARN_64_TO_32_BIT_CONVERSION = YES;
				GCC_WARN_ABOUT_RETURN_TYPE = YES_ERROR;
				GCC_WARN_UNDECLARED_SELECTOR = YES;
				GCC_WARN_UNINITIALIZED_AUTOS = YES_AGGRESSIVE;
				GCC_WARN_UNUSED_FUNCTION = YES;
				GCC_WARN_UNUSED_VARIABLE = YES;
				IPHONEOS_DEPLOYMENT_TARGET = 16.4;
				MTL_ENABLE_DEBUG_INFO = NO;
				MTL_FAST_MATH = YES;
				SDKROOT = iphoneos;
				SWIFT_COMPILATION_MODE = wholemodule;
				SWIFT_OPTIMIZATION_LEVEL = "-O";
				VALIDATE_PRODUCT = YES;
			};
			name = Release;
		};
		155232DB2A86C61D00801901 /* Debug */ = {
			isa = XCBuildConfiguration;
			buildSettings = {
				ASSETCATALOG_COMPILER_APPICON_NAME = AppIcon;
				ASSETCATALOG_COMPILER_GLOBAL_ACCENT_COLOR_NAME = AccentColor;
				CODE_SIGN_STYLE = Automatic;
				CURRENT_PROJECT_VERSION = 1;
				DEVELOPMENT_ASSET_PATHS = "\"Landmarks/Preview Content\"";
				DEVELOPMENT_TEAM = D9GJTWESRM;
				ENABLE_PREVIEWS = YES;
				GENERATE_INFOPLIST_FILE = YES;
				INFOPLIST_KEY_UIApplicationSceneManifest_Generation = YES;
				INFOPLIST_KEY_UIApplicationSupportsIndirectInputEvents = YES;
				INFOPLIST_KEY_UILaunchScreen_Generation = YES;
				INFOPLIST_KEY_UISupportedInterfaceOrientations_iPad = "UIInterfaceOrientationPortrait UIInterfaceOrientationPortraitUpsideDown UIInterfaceOrientationLandscapeLeft UIInterfaceOrientationLandscapeRight";
				INFOPLIST_KEY_UISupportedInterfaceOrientations_iPhone = "UIInterfaceOrientationPortrait UIInterfaceOrientationLandscapeLeft UIInterfaceOrientationLandscapeRight";
				LD_RUNPATH_SEARCH_PATHS = (
					"$(inherited)",
					"@executable_path/Frameworks",
				);
				MARKETING_VERSION = 1.0;
				PRODUCT_BUNDLE_IDENTIFIER = com.dvc.Landmarks;
				PRODUCT_NAME = "$(TARGET_NAME)";
				SWIFT_EMIT_LOC_STRINGS = YES;
				SWIFT_VERSION = 5.0;
				TARGETED_DEVICE_FAMILY = "1,2";
			};
			name = Debug;
		};
		155232DC2A86C61D00801901 /* Release */ = {
			isa = XCBuildConfiguration;
			buildSettings = {
				ASSETCATALOG_COMPILER_APPICON_NAME = AppIcon;
				ASSETCATALOG_COMPILER_GLOBAL_ACCENT_COLOR_NAME = AccentColor;
				CODE_SIGN_STYLE = Automatic;
				CURRENT_PROJECT_VERSION = 1;
				DEVELOPMENT_ASSET_PATHS = "\"Landmarks/Preview Content\"";
				DEVELOPMENT_TEAM = D9GJTWESRM;
				ENABLE_PREVIEWS = YES;
				GENERATE_INFOPLIST_FILE = YES;
				INFOPLIST_KEY_UIApplicationSceneManifest_Generation = YES;
				INFOPLIST_KEY_UIApplicationSupportsIndirectInputEvents = YES;
				INFOPLIST_KEY_UILaunchScreen_Generation = YES;
				INFOPLIST_KEY_UISupportedInterfaceOrientations_iPad = "UIInterfaceOrientationPortrait UIInterfaceOrientationPortraitUpsideDown UIInterfaceOrientationLandscapeLeft UIInterfaceOrientationLandscapeRight";
				INFOPLIST_KEY_UISupportedInterfaceOrientations_iPhone = "UIInterfaceOrientationPortrait UIInterfaceOrientationLandscapeLeft UIInterfaceOrientationLandscapeRight";
				LD_RUNPATH_SEARCH_PATHS = (
					"$(inherited)",
					"@executable_path/Frameworks",
				);
				MARKETING_VERSION = 1.0;
				PRODUCT_BUNDLE_IDENTIFIER = com.dvc.Landmarks;
				PRODUCT_NAME = "$(TARGET_NAME)";
				SWIFT_EMIT_LOC_STRINGS = YES;
				SWIFT_VERSION = 5.0;
				TARGETED_DEVICE_FAMILY = "1,2";
			};
			name = Release;
		};
/* End XCBuildConfiguration section */

/* Begin XCConfigurationList section */
		155232C72A86C61B00801901 /* Build configuration list for PBXProject "Landmarks" */ = {
			isa = XCConfigurationList;
			buildConfigurations = (
				155232D82A86C61D00801901 /* Debug */,
				155232D92A86C61D00801901 /* Release */,
			);
			defaultConfigurationIsVisible = 0;
			defaultConfigurationName = Release;
		};
		155232DA2A86C61D00801901 /* Build configuration list for PBXNativeTarget "Landmarks" */ = {
			isa = XCConfigurationList;
			buildConfigurations = (
				155232DB2A86C61D00801901 /* Debug */,
				155232DC2A86C61D00801901 /* Release */,
			);
			defaultConfigurationIsVisible = 0;
			defaultConfigurationName = Release;
		};
/* End XCConfigurationList section */
	};
	rootObject = 155232C42A86C61B00801901 /* Project object */;
}
